# @generated by Move, please check-in and do not edit manually.

[move]
version = 2
manifest_digest = "52BC917E66F7934ACE364425DFE27213F012832694B5D853A6F9B58E5903B9DE"
deps_digest = "F8BBB0CCB2491CA29A3DF03D6F92277A4F3574266507ACD77214D37ECA3F3082"
dependencies = [
  { name = "Sui" },
]

[[move.package]]
name = "MoveStdlib"
source = { git = "https://github.com/MystenLabs/sui.git", rev = "framework/testnet", subdir = "crates\\sui-framework\\packages\\move-stdlib" }

[[move.package]]
name = "Sui"
source = { git = "https://github.com/MystenLabs/sui.git", rev = "framework/testnet", subdir = "crates/sui-framework/packages/sui-framework" }

dependencies = [
  { name = "MoveStdlib" },
]

[move.toolchain-version]
compiler-version = "1.30.1"
edition = "legacy"
flavor = "sui"

[env]

[env.testnet]
chain-id = "4c78adac"
original-published-id = "0x5fffdefc9d7059bbc3c418f93b03629a7fa3581853b508ea7a342f4ea92663c1"
latest-published-id = "0x5fffdefc9d7059bbc3c418f93b03629a7fa3581853b508ea7a342f4ea92663c1"
published-version = "1"

[env.mainnet]
chain-id = "35834a8a"
original-published-id = "0xe8320f49956af16e7cd93066edbca1caf6509b9a1dba66003021811abd5097bf"
latest-published-id = "0xe8320f49956af16e7cd93066edbca1caf6509b9a1dba66003021811abd5097bf"
published-version = "1"
